
Microsoft Visual Studio Solution File, Format Version 12.00
# Visual Studio Version 17
VisualStudioVersion = 17.3.32929.385
MinimumVisualStudioVersion = 10.0.40219.1
Project("{FAE04EC0-301F-11D3-BF4B-00C04F79EFBC}") = "WebTracker", "WebTracker\WebTracker.csproj", "{AB948424-46B5-4C0A-9B80-1D4AF75CEF9B}"
EndProject
Global
	GlobalSection(SolutionConfigurationPlatforms) = preSolution
		Debug|Any CPU = Debug|Any CPU
		Release|Any CPU = Release|Any CPU
	EndGlobalSection
	GlobalSection(ProjectConfigurationPlatforms) = postSolution
		{AB948424-46B5-4C0A-9B80-1D4AF75CEF9B}.Debug|Any CPU.ActiveCfg = Debug|Any CPU
		{AB948424-46B5-4C0A-9B80-1D4AF75CEF9B}.Debug|Any CPU.Build.0 = Debug|Any CPU
		{AB948424-46B5-4C0A-9B80-1D4AF75CEF9B}.Release|Any CPU.ActiveCfg = Release|Any CPU
		{AB948424-46B5-4C0A-9B80-1D4AF75CEF9B}.Release|Any CPU.Build.0 = Release|Any CPU
	EndGlobalSection
	GlobalSection(SolutionProperties) = preSolution
		HideSolutionNode = FALSE
	EndGlobalSection
	GlobalSection(ExtensibilityGlobals) = postSolution
		SolutionGuid = {47043A07-DA4B-4FB3-967F-A8F17B47025C}
	EndGlobalSection
EndGlobal
